
Microsoft Visual Studio Solution File, Format Version 12.00
# Visual Studio 15
VisualStudioVersion = 15.0.28307.136
MinimumVisualStudioVersion = 10.0.40219.1
Project("{FAE04EC0-301F-11D3-BF4B-00C04F79EFBC}") = "GV.Web", "GV.Web\GV.Web.csproj", "{F040103E-ABBC-4C75-95CE-A0DF0A108EFC}"
EndProject
Project("{FAE04EC0-301F-11D3-BF4B-00C04F79EFBC}") = "GV.Core", "GV.Core\GV.Core.csproj", "{FE2993FA-C6BF-46D8-B028-11802F9F4DAE}"
EndProject
Project("{FAE04EC0-301F-11D3-BF4B-00C04F79EFBC}") = "GV.Model", "GV.Model\GV.Model.csproj", "{885A3D71-6B4F-4B81-8973-4A4A3CE780E1}"
EndProject
Project("{FAE04EC0-301F-11D3-BF4B-00C04F79EFBC}") = "GV.Data", "GV.Data\GV.Data.csproj", "{F680EC41-6432-4C03-B0D8-C276FCA11A58}"
EndProject
Project("{FAE04EC0-301F-11D3-BF4B-00C04F79EFBC}") = "GV.Services", "GV.Services\GV.Services.csproj", "{09EFBFB1-7689-4DE4-BCBE-1C1B11F890FE}"
EndProject
Project("{FAE04EC0-301F-11D3-BF4B-00C04F79EFBC}") = "GV.WebAPI", "GV.WebAPI\GV.WebAPI.csproj", "{501C9478-EBC6-4F1D-8CB7-E17EE4FD5E0E}"
EndProject
Project("{00D1A9C2-B5F0-4AF3-8072-F6C62B433612}") = "GV.Db", "GV.Db\GV.Db.sqlproj", "{F76F33C9-0B6C-4485-AA92-0B2A8BB0BCC2}"
EndProject
Global
	GlobalSection(SolutionConfigurationPlatforms) = preSolution
		Debug|Any CPU = Debug|Any CPU
		Release|Any CPU = Release|Any CPU
	EndGlobalSection
	GlobalSection(ProjectConfigurationPlatforms) = postSolution
		{F040103E-ABBC-4C75-95CE-A0DF0A108EFC}.Debug|Any CPU.ActiveCfg = Debug|Any CPU
		{F040103E-ABBC-4C75-95CE-A0DF0A108EFC}.Debug|Any CPU.Build.0 = Debug|Any CPU
		{F040103E-ABBC-4C75-95CE-A0DF0A108EFC}.Release|Any CPU.ActiveCfg = Release|Any CPU
		{F040103E-ABBC-4C75-95CE-A0DF0A108EFC}.Release|Any CPU.Build.0 = Release|Any CPU
		{FE2993FA-C6BF-46D8-B028-11802F9F4DAE}.Debug|Any CPU.ActiveCfg = Debug|Any CPU
		{FE2993FA-C6BF-46D8-B028-11802F9F4DAE}.Debug|Any CPU.Build.0 = Debug|Any CPU
		{FE2993FA-C6BF-46D8-B028-11802F9F4DAE}.Release|Any CPU.ActiveCfg = Release|Any CPU
		{FE2993FA-C6BF-46D8-B028-11802F9F4DAE}.Release|Any CPU.Build.0 = Release|Any CPU
		{885A3D71-6B4F-4B81-8973-4A4A3CE780E1}.Debug|Any CPU.ActiveCfg = Debug|Any CPU
		{885A3D71-6B4F-4B81-8973-4A4A3CE780E1}.Debug|Any CPU.Build.0 = Debug|Any CPU
		{885A3D71-6B4F-4B81-8973-4A4A3CE780E1}.Release|Any CPU.ActiveCfg = Release|Any CPU
		{885A3D71-6B4F-4B81-8973-4A4A3CE780E1}.Release|Any CPU.Build.0 = Release|Any CPU
		{F680EC41-6432-4C03-B0D8-C276FCA11A58}.Debug|Any CPU.ActiveCfg = Debug|Any CPU
		{F680EC41-6432-4C03-B0D8-C276FCA11A58}.Debug|Any CPU.Build.0 = Debug|Any CPU
		{F680EC41-6432-4C03-B0D8-C276FCA11A58}.Release|Any CPU.ActiveCfg = Release|Any CPU
		{F680EC41-6432-4C03-B0D8-C276FCA11A58}.Release|Any CPU.Build.0 = Release|Any CPU
		{09EFBFB1-7689-4DE4-BCBE-1C1B11F890FE}.Debug|Any CPU.ActiveCfg = Debug|Any CPU
		{09EFBFB1-7689-4DE4-BCBE-1C1B11F890FE}.Debug|Any CPU.Build.0 = Debug|Any CPU
		{09EFBFB1-7689-4DE4-BCBE-1C1B11F890FE}.Release|Any CPU.ActiveCfg = Release|Any CPU
		{09EFBFB1-7689-4DE4-BCBE-1C1B11F890FE}.Release|Any CPU.Build.0 = Release|Any CPU
		{501C9478-EBC6-4F1D-8CB7-E17EE4FD5E0E}.Debug|Any CPU.ActiveCfg = Debug|Any CPU
		{501C9478-EBC6-4F1D-8CB7-E17EE4FD5E0E}.Debug|Any CPU.Build.0 = Debug|Any CPU
		{501C9478-EBC6-4F1D-8CB7-E17EE4FD5E0E}.Release|Any CPU.ActiveCfg = Release|Any CPU
		{501C9478-EBC6-4F1D-8CB7-E17EE4FD5E0E}.Release|Any CPU.Build.0 = Release|Any CPU
		{F76F33C9-0B6C-4485-AA92-0B2A8BB0BCC2}.Debug|Any CPU.ActiveCfg = Debug|Any CPU
		{F76F33C9-0B6C-4485-AA92-0B2A8BB0BCC2}.Debug|Any CPU.Build.0 = Debug|Any CPU
		{F76F33C9-0B6C-4485-AA92-0B2A8BB0BCC2}.Debug|Any CPU.Deploy.0 = Debug|Any CPU
		{F76F33C9-0B6C-4485-AA92-0B2A8BB0BCC2}.Release|Any CPU.ActiveCfg = Release|Any CPU
		{F76F33C9-0B6C-4485-AA92-0B2A8BB0BCC2}.Release|Any CPU.Build.0 = Release|Any CPU
		{F76F33C9-0B6C-4485-AA92-0B2A8BB0BCC2}.Release|Any CPU.Deploy.0 = Release|Any CPU
	EndGlobalSection
	GlobalSection(SolutionProperties) = preSolution
		HideSolutionNode = FALSE
	EndGlobalSection
	GlobalSection(ExtensibilityGlobals) = postSolution
		SolutionGuid = {1BDFF054-AE4E-4CC6-8A8B-9E7E2AE8EC93}
	EndGlobalSection
EndGlobal
